
Microsoft Visual Studio Solution File, Format Version 12.00
# Visual Studio Version 16
VisualStudioVersion = 16.0.31624.102
MinimumVisualStudioVersion = 10.0.40219.1
Project("{FAE04EC0-301F-11D3-BF4B-00C04F79EFBC}") = "Array1", "Array1\Array1.csproj", "{3B958F31-D60A-40EC-ABBB-D2D1023CF210}"
EndProject
Global
	GlobalSection(SolutionConfigurationPlatforms) = preSolution
		Debug|Any CPU = Debug|Any CPU
		Release|Any CPU = Release|Any CPU
	EndGlobalSection
	GlobalSection(ProjectConfigurationPlatforms) = postSolution
		{3B958F31-D60A-40EC-ABBB-D2D1023CF210}.Debug|Any CPU.ActiveCfg = Debug|Any CPU
		{3B958F31-D60A-40EC-ABBB-D2D1023CF210}.Debug|Any CPU.Build.0 = Debug|Any CPU
		{3B958F31-D60A-40EC-ABBB-D2D1023CF210}.Release|Any CPU.ActiveCfg = Release|Any CPU
		{3B958F31-D60A-40EC-ABBB-D2D1023CF210}.Release|Any CPU.Build.0 = Release|Any CPU
	EndGlobalSection
	GlobalSection(SolutionProperties) = preSolution
		HideSolutionNode = FALSE
	EndGlobalSection
	GlobalSection(ExtensibilityGlobals) = postSolution
		SolutionGuid = {A1853572-0E86-4392-A7EC-8C57AE722CA9}
	EndGlobalSection
EndGlobal
